
Microsoft Visual Studio Solution File, Format Version 12.00
# Visual Studio Version 17
VisualStudioVersion = 17.0.31717.71
MinimumVisualStudioVersion = 10.0.40219.1
Project("{FAE04EC0-301F-11D3-BF4B-00C04F79EFBC}") = "ImageException.UWP", "ImageException.UWP\ImageException.UWP.csproj", "{CAD33C13-E128-4E21-9503-B16676B3BADD}"
EndProject
Project("{FAE04EC0-301F-11D3-BF4B-00C04F79EFBC}") = "ImageException.Android", "ImageException.Android\ImageException.Android.csproj", "{21CD1E4F-1FB5-4F92-82A4-2BA7112051FE}"
EndProject
Project("{FAE04EC0-301F-11D3-BF4B-00C04F79EFBC}") = "ImageException.iOS", "ImageException.iOS\ImageException.iOS.csproj", "{7435C621-53DE-4F5A-ADF7-FF060A5F2D4F}"
EndProject
Project("{FAE04EC0-301F-11D3-BF4B-00C04F79EFBC}") = "ImageException", "ImageException\ImageException.csproj", "{AEC046C4-8E33-4F69-8632-863C4B6E8A27}"
EndProject
Global
	GlobalSection(SolutionConfigurationPlatforms) = preSolution
		Debug|Any CPU = Debug|Any CPU
		Debug|ARM = Debug|ARM
		Debug|iPhone = Debug|iPhone
		Debug|iPhoneSimulator = Debug|iPhoneSimulator
		Debug|x64 = Debug|x64
		Debug|x86 = Debug|x86
		Release|Any CPU = Release|Any CPU
		Release|ARM = Release|ARM
		Release|iPhone = Release|iPhone
		Release|iPhoneSimulator = Release|iPhoneSimulator
		Release|x64 = Release|x64
		Release|x86 = Release|x86
	EndGlobalSection
	GlobalSection(ProjectConfigurationPlatforms) = postSolution
		{CAD33C13-E128-4E21-9503-B16676B3BADD}.Debug|Any CPU.ActiveCfg = Debug|x86
		{CAD33C13-E128-4E21-9503-B16676B3BADD}.Debug|Any CPU.Build.0 = Debug|x86
		{CAD33C13-E128-4E21-9503-B16676B3BADD}.Debug|Any CPU.Deploy.0 = Debug|x86
		{CAD33C13-E128-4E21-9503-B16676B3BADD}.Debug|ARM.ActiveCfg = Debug|ARM
		{CAD33C13-E128-4E21-9503-B16676B3BADD}.Debug|ARM.Build.0 = Debug|ARM
		{CAD33C13-E128-4E21-9503-B16676B3BADD}.Debug|ARM.Deploy.0 = Debug|ARM
		{CAD33C13-E128-4E21-9503-B16676B3BADD}.Debug|iPhone.ActiveCfg = Debug|x86
		{CAD33C13-E128-4E21-9503-B16676B3BADD}.Debug|iPhone.Build.0 = Debug|x86
		{CAD33C13-E128-4E21-9503-B16676B3BADD}.Debug|iPhone.Deploy.0 = Debug|x86
		{CAD33C13-E128-4E21-9503-B16676B3BADD}.Debug|iPhoneSimulator.ActiveCfg = Debug|x86
		{CAD33C13-E128-4E21-9503-B16676B3BADD}.Debug|iPhoneSimulator.Build.0 = Debug|x86
		{CAD33C13-E128-4E21-9503-B16676B3BADD}.Debug|iPhoneSimulator.Deploy.0 = Debug|x86
		{CAD33C13-E128-4E21-9503-B16676B3BADD}.Debug|x64.ActiveCfg = Debug|x64
		{CAD33C13-E128-4E21-9503-B16676B3BADD}.Debug|x64.Build.0 = Debug|x64
		{CAD33C13-E128-4E21-9503-B16676B3BADD}.Debug|x64.Deploy.0 = Debug|x64
		{CAD33C13-E128-4E21-9503-B16676B3BADD}.Debug|x86.ActiveCfg = Debug|x86
		{CAD33C13-E128-4E21-9503-B16676B3BADD}.Debug|x86.Build.0 = Debug|x86
		{CAD33C13-E128-4E21-9503-B16676B3BADD}.Debug|x86.Deploy.0 = Debug|x86
		{CAD33C13-E128-4E21-9503-B16676B3BADD}.Release|Any CPU.ActiveCfg = Release|x86
		{CAD33C13-E128-4E21-9503-B16676B3BADD}.Release|Any CPU.Build.0 = Release|x86
		{CAD33C13-E128-4E21-9503-B16676B3BADD}.Release|Any CPU.Deploy.0 = Release|x86
		{CAD33C13-E128-4E21-9503-B16676B3BADD}.Release|ARM.ActiveCfg = Release|ARM
		{CAD33C13-E128-4E21-9503-B16676B3BADD}.Release|ARM.Build.0 = Release|ARM
		{CAD33C13-E128-4E21-9503-B16676B3BADD}.Release|ARM.Deploy.0 = Release|ARM
		{CAD33C13-E128-4E21-9503-B16676B3BADD}.Release|iPhone.ActiveCfg = Release|x86
		{CAD33C13-E128-4E21-9503-B16676B3BADD}.Release|iPhone.Build.0 = Release|x86
		{CAD33C13-E128-4E21-9503-B16676B3BADD}.Release|iPhone.Deploy.0 = Release|x86
		{CAD33C13-E128-4E21-9503-B16676B3BADD}.Release|iPhoneSimulator.ActiveCfg = Release|x86
		{CAD33C13-E128-4E21-9503-B16676B3BADD}.Release|iPhoneSimulator.Build.0 = Release|x86
		{CAD33C13-E128-4E21-9503-B16676B3BADD}.Release|iPhoneSimulator.Deploy.0 = Release|x86
		{CAD33C13-E128-4E21-9503-B16676B3BADD}.Release|x64.ActiveCfg = Release|x64
		{CAD33C13-E128-4E21-9503-B16676B3BADD}.Release|x64.Build.0 = Release|x64
		{CAD33C13-E128-4E21-9503-B16676B3BADD}.Release|x64.Deploy.0 = Release|x64
		{CAD33C13-E128-4E21-9503-B16676B3BADD}.Release|x86.ActiveCfg = Release|x86
		{CAD33C13-E128-4E21-9503-B16676B3BADD}.Release|x86.Build.0 = Release|x86
		{CAD33C13-E128-4E21-9503-B16676B3BADD}.Release|x86.Deploy.0 = Release|x86
		{21CD1E4F-1FB5-4F92-82A4-2BA7112051FE}.Debug|Any CPU.ActiveCfg = Debug|Any CPU
		{21CD1E4F-1FB5-4F92-82A4-2BA7112051FE}.Debug|Any CPU.Build.0 = Debug|Any CPU
		{21CD1E4F-1FB5-4F92-82A4-2BA7112051FE}.Debug|Any CPU.Deploy.0 = Debug|Any CPU
		{21CD1E4F-1FB5-4F92-82A4-2BA7112051FE}.Debug|ARM.ActiveCfg = Debug|Any CPU
		{21CD1E4F-1FB5-4F92-82A4-2BA7112051FE}.Debug|ARM.Build.0 = Debug|Any CPU
		{21CD1E4F-1FB5-4F92-82A4-2BA7112051FE}.Debug|ARM.Deploy.0 = Debug|Any CPU
		{21CD1E4F-1FB5-4F92-82A4-2BA7112051FE}.Debug|iPhone.ActiveCfg = Debug|Any CPU
		{21CD1E4F-1FB5-4F92-82A4-2BA7112051FE}.Debug|iPhone.Build.0 = Debug|Any CPU
		{21CD1E4F-1FB5-4F92-82A4-2BA7112051FE}.Debug|iPhone.Deploy.0 = Debug|Any CPU
		{21CD1E4F-1FB5-4F92-82A4-2BA7112051FE}.Debug|iPhoneSimulator.ActiveCfg = Debug|Any CPU
		{21CD1E4F-1FB5-4F92-82A4-2BA7112051FE}.Debug|iPhoneSimulator.Build.0 = Debug|Any CPU
		{21CD1E4F-1FB5-4F92-82A4-2BA7112051FE}.Debug|iPhoneSimulator.Deploy.0 = Debug|Any CPU
		{21CD1E4F-1FB5-4F92-82A4-2BA7112051FE}.Debug|x64.ActiveCfg = Debug|Any CPU
		{21CD1E4F-1FB5-4F92-82A4-2BA7112051FE}.Debug|x64.Build.0 = Debug|Any CPU
		{21CD1E4F-1FB5-4F92-82A4-2BA7112051FE}.Debug|x64.Deploy.0 = Debug|Any CPU
		{21CD1E4F-1FB5-4F92-82A4-2BA7112051FE}.Debug|x86.ActiveCfg = Debug|Any CPU
		{21CD1E4F-1FB5-4F92-82A4-2BA7112051FE}.Debug|x86.Build.0 = Debug|Any CPU
		{21CD1E4F-1FB5-4F92-82A4-2BA7112051FE}.Debug|x86.Deploy.0 = Debug|Any CPU
		{21CD1E4F-1FB5-4F92-82A4-2BA7112051FE}.Release|Any CPU.ActiveCfg = Release|Any CPU
		{21CD1E4F-1FB5-4F92-82A4-2BA7112051FE}.Release|Any CPU.Build.0 = Release|Any CPU
		{21CD1E4F-1FB5-4F92-82A4-2BA7112051FE}.Release|Any CPU.Deploy.0 = Release|Any CPU
		{21CD1E4F-1FB5-4F92-82A4-2BA7112051FE}.Release|ARM.ActiveCfg = Release|Any CPU
		{21CD1E4F-1FB5-4F92-82A4-2BA7112051FE}.Release|ARM.Build.0 = Release|Any CPU
		{21CD1E4F-1FB5-4F92-82A4-2BA7112051FE}.Release|ARM.Deploy.0 = Release|Any CPU
		{21CD1E4F-1FB5-4F92-82A4-2BA7112051FE}.Release|iPhone.ActiveCfg = Release|Any CPU
		{21CD1E4F-1FB5-4F92-82A4-2BA7112051FE}.Release|iPhone.Build.0 = Release|Any CPU
		{21CD1E4F-1FB5-4F92-82A4-2BA7112051FE}.Release|iPhone.Deploy.0 = Release|Any CPU
		{21CD1E4F-1FB5-4F92-82A4-2BA7112051FE}.Release|iPhoneSimulator.ActiveCfg = Release|Any CPU
		{21CD1E4F-1FB5-4F92-82A4-2BA7112051FE}.Release|iPhoneSimulator.Build.0 = Release|Any CPU
		{21CD1E4F-1FB5-4F92-82A4-2BA7112051FE}.Release|iPhoneSimulator.Deploy.0 = Release|Any CPU
		{21CD1E4F-1FB5-4F92-82A4-2BA7112051FE}.Release|x64.ActiveCfg = Release|Any CPU
		{21CD1E4F-1FB5-4F92-82A4-2BA7112051FE}.Release|x64.Build.0 = Release|Any CPU
		{21CD1E4F-1FB5-4F92-82A4-2BA7112051FE}.Release|x64.Deploy.0 = Release|Any CPU
		{21CD1E4F-1FB5-4F92-82A4-2BA7112051FE}.Release|x86.ActiveCfg = Release|Any CPU
		{21CD1E4F-1FB5-4F92-82A4-2BA7112051FE}.Release|x86.Build.0 = Release|Any CPU
		{21CD1E4F-1FB5-4F92-82A4-2BA7112051FE}.Release|x86.Deploy.0 = Release|Any CPU
		{7435C621-53DE-4F5A-ADF7-FF060A5F2D4F}.Debug|Any CPU.ActiveCfg = Debug|iPhoneSimulator
		{7435C621-53DE-4F5A-ADF7-FF060A5F2D4F}.Debug|Any CPU.Build.0 = Debug|iPhoneSimulator
		{7435C621-53DE-4F5A-ADF7-FF060A5F2D4F}.Debug|Any CPU.Deploy.0 = Debug|iPhoneSimulator
		{7435C621-53DE-4F5A-ADF7-FF060A5F2D4F}.Debug|ARM.ActiveCfg = Debug|iPhone
		{7435C621-53DE-4F5A-ADF7-FF060A5F2D4F}.Debug|ARM.Build.0 = Debug|iPhone
		{7435C621-53DE-4F5A-ADF7-FF060A5F2D4F}.Debug|ARM.Deploy.0 = Debug|iPhone
		{7435C621-53DE-4F5A-ADF7-FF060A5F2D4F}.Debug|iPhone.ActiveCfg = Debug|iPhone
		{7435C621-53DE-4F5A-ADF7-FF060A5F2D4F}.Debug|iPhone.Build.0 = Debug|iPhone
		{7435C621-53DE-4F5A-ADF7-FF060A5F2D4F}.Debug|iPhone.Deploy.0 = Debug|iPhone
		{7435C621-53DE-4F5A-ADF7-FF060A5F2D4F}.Debug|iPhoneSimulator.ActiveCfg = Debug|iPhoneSimulator
		{7435C621-53DE-4F5A-ADF7-FF060A5F2D4F}.Debug|iPhoneSimulator.Build.0 = Debug|iPhoneSimulator
		{7435C621-53DE-4F5A-ADF7-FF060A5F2D4F}.Debug|iPhoneSimulator.Deploy.0 = Debug|iPhoneSimulator
		{7435C621-53DE-4F5A-ADF7-FF060A5F2D4F}.Debug|x64.ActiveCfg = Debug|iPhoneSimulator
		{7435C621-53DE-4F5A-ADF7-FF060A5F2D4F}.Debug|x64.Build.0 = Debug|iPhoneSimulator
		{7435C621-53DE-4F5A-ADF7-FF060A5F2D4F}.Debug|x64.Deploy.0 = Debug|iPhoneSimulator
		{7435C621-53DE-4F5A-ADF7-FF060A5F2D4F}.Debug|x86.ActiveCfg = Debug|iPhoneSimulator
		{7435C621-53DE-4F5A-ADF7-FF060A5F2D4F}.Debug|x86.Build.0 = Debug|iPhoneSimulator
		{7435C621-53DE-4F5A-ADF7-FF060A5F2D4F}.Debug|x86.Deploy.0 = Debug|iPhoneSimulator
		{7435C621-53DE-4F5A-ADF7-FF060A5F2D4F}.Release|Any CPU.ActiveCfg = Release|iPhoneSimulator
		{7435C621-53DE-4F5A-ADF7-FF060A5F2D4F}.Release|Any CPU.Build.0 = Release|iPhoneSimulator
		{7435C621-53DE-4F5A-ADF7-FF060A5F2D4F}.Release|Any CPU.Deploy.0 = Release|iPhoneSimulator
		{7435C621-53DE-4F5A-ADF7-FF060A5F2D4F}.Release|ARM.ActiveCfg = Release|iPhoneSimulator
		{7435C621-53DE-4F5A-ADF7-FF060A5F2D4F}.Release|ARM.Build.0 = Release|iPhoneSimulator
		{7435C621-53DE-4F5A-ADF7-FF060A5F2D4F}.Release|ARM.Deploy.0 = Release|iPhoneSimulator
		{7435C621-53DE-4F5A-ADF7-FF060A5F2D4F}.Release|iPhone.ActiveCfg = Release|iPhone
		{7435C621-53DE-4F5A-ADF7-FF060A5F2D4F}.Release|iPhone.Build.0 = Release|iPhone
		{7435C621-53DE-4F5A-ADF7-FF060A5F2D4F}.Release|iPhone.Deploy.0 = Release|iPhone
		{7435C621-53DE-4F5A-ADF7-FF060A5F2D4F}.Release|iPhoneSimulator.ActiveCfg = Release|iPhoneSimulator
		{7435C621-53DE-4F5A-ADF7-FF060A5F2D4F}.Release|iPhoneSimulator.Build.0 = Release|iPhoneSimulator
		{7435C621-53DE-4F5A-ADF7-FF060A5F2D4F}.Release|iPhoneSimulator.Deploy.0 = Release|iPhoneSimulator
		{7435C621-53DE-4F5A-ADF7-FF060A5F2D4F}.Release|x64.ActiveCfg = Release|iPhoneSimulator
		{7435C621-53DE-4F5A-ADF7-FF060A5F2D4F}.Release|x64.Build.0 = Release|iPhoneSimulator
		{7435C621-53DE-4F5A-ADF7-FF060A5F2D4F}.Release|x64.Deploy.0 = Release|iPhoneSimulator
		{7435C621-53DE-4F5A-ADF7-FF060A5F2D4F}.Release|x86.ActiveCfg = Release|iPhoneSimulator
		{7435C621-53DE-4F5A-ADF7-FF060A5F2D4F}.Release|x86.Build.0 = Release|iPhoneSimulator
		{7435C621-53DE-4F5A-ADF7-FF060A5F2D4F}.Release|x86.Deploy.0 = Release|iPhoneSimulator
		{AEC046C4-8E33-4F69-8632-863C4B6E8A27}.Debug|Any CPU.ActiveCfg = Debug|Any CPU
		{AEC046C4-8E33-4F69-8632-863C4B6E8A27}.Debug|Any CPU.Build.0 = Debug|Any CPU
		{AEC046C4-8E33-4F69-8632-863C4B6E8A27}.Debug|Any CPU.Deploy.0 = Debug|Any CPU
		{AEC046C4-8E33-4F69-8632-863C4B6E8A27}.Debug|ARM.ActiveCfg = Debug|Any CPU
		{AEC046C4-8E33-4F69-8632-863C4B6E8A27}.Debug|ARM.Build.0 = Debug|Any CPU
		{AEC046C4-8E33-4F69-8632-863C4B6E8A27}.Debug|ARM.Deploy.0 = Debug|Any CPU
		{AEC046C4-8E33-4F69-8632-863C4B6E8A27}.Debug|iPhone.ActiveCfg = Debug|Any CPU
		{AEC046C4-8E33-4F69-8632-863C4B6E8A27}.Debug|iPhone.Build.0 = Debug|Any CPU
		{AEC046C4-8E33-4F69-8632-863C4B6E8A27}.Debug|iPhone.Deploy.0 = Debug|Any CPU
		{AEC046C4-8E33-4F69-8632-863C4B6E8A27}.Debug|iPhoneSimulator.ActiveCfg = Debug|Any CPU
		{AEC046C4-8E33-4F69-8632-863C4B6E8A27}.Debug|iPhoneSimulator.Build.0 = Debug|Any CPU
		{AEC046C4-8E33-4F69-8632-863C4B6E8A27}.Debug|iPhoneSimulator.Deploy.0 = Debug|Any CPU
		{AEC046C4-8E33-4F69-8632-863C4B6E8A27}.Debug|x64.ActiveCfg = Debug|Any CPU
		{AEC046C4-8E33-4F69-8632-863C4B6E8A27}.Debug|x64.Build.0 = Debug|Any CPU
		{AEC046C4-8E33-4F69-8632-863C4B6E8A27}.Debug|x64.Deploy.0 = Debug|Any CPU
		{AEC046C4-8E33-4F69-8632-863C4B6E8A27}.Debug|x86.ActiveCfg = Debug|Any CPU
		{AEC046C4-8E33-4F69-8632-863C4B6E8A27}.Debug|x86.Build.0 = Debug|Any CPU
		{AEC046C4-8E33-4F69-8632-863C4B6E8A27}.Debug|x86.Deploy.0 = Debug|Any CPU
		{AEC046C4-8E33-4F69-8632-863C4B6E8A27}.Release|Any CPU.ActiveCfg = Release|Any CPU
		{AEC046C4-8E33-4F69-8632-863C4B6E8A27}.Release|Any CPU.Build.0 = Release|Any CPU
		{AEC046C4-8E33-4F69-8632-863C4B6E8A27}.Release|Any CPU.Deploy.0 = Release|Any CPU
		{AEC046C4-8E33-4F69-8632-863C4B6E8A27}.Release|ARM.ActiveCfg = Release|Any CPU
		{AEC046C4-8E33-4F69-8632-863C4B6E8A27}.Release|ARM.Build.0 = Release|Any CPU
		{AEC046C4-8E33-4F69-8632-863C4B6E8A27}.Release|ARM.Deploy.0 = Release|Any CPU
		{AEC046C4-8E33-4F69-8632-863C4B6E8A27}.Release|iPhone.ActiveCfg = Release|Any CPU
		{AEC046C4-8E33-4F69-8632-863C4B6E8A27}.Release|iPhone.Build.0 = Release|Any CPU
		{AEC046C4-8E33-4F69-8632-863C4B6E8A27}.Release|iPhone.Deploy.0 = Release|Any CPU
		{AEC046C4-8E33-4F69-8632-863C4B6E8A27}.Release|iPhoneSimulator.ActiveCfg = Release|Any CPU
		{AEC046C4-8E33-4F69-8632-863C4B6E8A27}.Release|iPhoneSimulator.Build.0 = Release|Any CPU
		{AEC046C4-8E33-4F69-8632-863C4B6E8A27}.Release|iPhoneSimulator.Deploy.0 = Release|Any CPU
		{AEC046C4-8E33-4F69-8632-863C4B6E8A27}.Release|x64.ActiveCfg = Release|Any CPU
		{AEC046C4-8E33-4F69-8632-863C4B6E8A27}.Release|x64.Build.0 = Release|Any CPU
		{AEC046C4-8E33-4F69-8632-863C4B6E8A27}.Release|x64.Deploy.0 = Release|Any CPU
		{AEC046C4-8E33-4F69-8632-863C4B6E8A27}.Release|x86.ActiveCfg = Release|Any CPU
		{AEC046C4-8E33-4F69-8632-863C4B6E8A27}.Release|x86.Build.0 = Release|Any CPU
		{AEC046C4-8E33-4F69-8632-863C4B6E8A27}.Release|x86.Deploy.0 = Release|Any CPU
	EndGlobalSection
	GlobalSection(SolutionProperties) = preSolution
		HideSolutionNode = FALSE
	EndGlobalSection
	GlobalSection(ExtensibilityGlobals) = postSolution
		SolutionGuid = {018BCDF3-DEC1-41C5-99A1-22A366D3D755}
	EndGlobalSection
EndGlobal
